
Microsoft Visual Studio Solution File, Format Version 12.00
# Visual Studio Version 17
VisualStudioVersion = 17.9.34728.123
MinimumVisualStudioVersion = 10.0.40219.1
Project("{FAE04EC0-301F-11D3-BF4B-00C04F79EFBC}") = "Tienda", "Tienda\Tienda.csproj", "{487C7D1E-A5F3-4803-B0B1-0B81E6E66A73}"
EndProject
Global
	GlobalSection(SolutionConfigurationPlatforms) = preSolution
		Debug|Any CPU = Debug|Any CPU
		Release|Any CPU = Release|Any CPU
	EndGlobalSection
	GlobalSection(ProjectConfigurationPlatforms) = postSolution
		{487C7D1E-A5F3-4803-B0B1-0B81E6E66A73}.Debug|Any CPU.ActiveCfg = Debug|Any CPU
		{487C7D1E-A5F3-4803-B0B1-0B81E6E66A73}.Debug|Any CPU.Build.0 = Debug|Any CPU
		{487C7D1E-A5F3-4803-B0B1-0B81E6E66A73}.Release|Any CPU.ActiveCfg = Release|Any CPU
		{487C7D1E-A5F3-4803-B0B1-0B81E6E66A73}.Release|Any CPU.Build.0 = Release|Any CPU
	EndGlobalSection
	GlobalSection(SolutionProperties) = preSolution
		HideSolutionNode = FALSE
	EndGlobalSection
	GlobalSection(ExtensibilityGlobals) = postSolution
		SolutionGuid = {39D6E121-3BEF-438B-8299-1008EE07EFB5}
	EndGlobalSection
EndGlobal
